
Microsoft Visual Studio Solution File, Format Version 12.00
# Visual Studio Version 16
VisualStudioVersion = 16.0.30204.135
MinimumVisualStudioVersion = 10.0.40219.1
Project("{FAE04EC0-301F-11D3-BF4B-00C04F79EFBC}") = "Lab16.1ClientSideValidation", "Lab16.1ClientSideValidation\Lab16.1ClientSideValidation.csproj", "{CEE7135D-6850-46F5-B946-13D7E14BC6F1}"
EndProject
Global
	GlobalSection(SolutionConfigurationPlatforms) = preSolution
		Debug|Any CPU = Debug|Any CPU
		Release|Any CPU = Release|Any CPU
	EndGlobalSection
	GlobalSection(ProjectConfigurationPlatforms) = postSolution
		{CEE7135D-6850-46F5-B946-13D7E14BC6F1}.Debug|Any CPU.ActiveCfg = Debug|Any CPU
		{CEE7135D-6850-46F5-B946-13D7E14BC6F1}.Debug|Any CPU.Build.0 = Debug|Any CPU
		{CEE7135D-6850-46F5-B946-13D7E14BC6F1}.Release|Any CPU.ActiveCfg = Release|Any CPU
		{CEE7135D-6850-46F5-B946-13D7E14BC6F1}.Release|Any CPU.Build.0 = Release|Any CPU
	EndGlobalSection
	GlobalSection(SolutionProperties) = preSolution
		HideSolutionNode = FALSE
	EndGlobalSection
	GlobalSection(ExtensibilityGlobals) = postSolution
		SolutionGuid = {89C14F17-5165-44D2-95B6-B7DEBCC527A8}
	EndGlobalSection
EndGlobal
